// !$*UTF8*$!
{
	archiveVersion = 1;
	classes = {
	};
	objectVersion = 56;
	objects = {

/* Begin PBXBuildFile section */
		1B6B0D892A85D9580074BC39 /* TodoViewController.swift in Sources */ = {isa = PBXBuildFile; fileRef = 1B6B0D882A85D9580074BC39 /* TodoViewController.swift */; };
		1B6B0D8C2A85D9C90074BC39 /* TodoListViewController.swift in Sources */ = {isa = PBXBuildFile; fileRef = 1B6B0D8B2A85D9C90074BC39 /* TodoListViewController.swift */; };
		1B6B0D8F2A85DE420074BC39 /* Task.swift in Sources */ = {isa = PBXBuildFile; fileRef = 1B6B0D8E2A85DE420074BC39 /* Task.swift */; };
		1B6B0D912A85E3800074BC39 /* TaskList.swift in Sources */ = {isa = PBXBuildFile; fileRef = 1B6B0D902A85E3800074BC39 /* TaskList.swift */; };
		1B6B0D942A86038F0074BC39 /* TodoListTableViewCell.swift in Sources */ = {isa = PBXBuildFile; fileRef = 1B6B0D932A86038F0074BC39 /* TodoListTableViewCell.swift */; };
		1BD91B5C2A836431009E2C75 /* AppDelegate.swift in Sources */ = {isa = PBXBuildFile; fileRef = 1BD91B5B2A836431009E2C75 /* AppDelegate.swift */; };
		1BD91B5E2A836431009E2C75 /* SceneDelegate.swift in Sources */ = {isa = PBXBuildFile; fileRef = 1BD91B5D2A836431009E2C75 /* SceneDelegate.swift */; };
		1BD91B602A836431009E2C75 /* ViewController.swift in Sources */ = {isa = PBXBuildFile; fileRef = 1BD91B5F2A836431009E2C75 /* ViewController.swift */; };
		1BD91B632A836431009E2C75 /* Main.storyboard in Resources */ = {isa = PBXBuildFile; fileRef = 1BD91B612A836431009E2C75 /* Main.storyboard */; };
		1BD91B652A836434009E2C75 /* Assets.xcassets in Resources */ = {isa = PBXBuildFile; fileRef = 1BD91B642A836434009E2C75 /* Assets.xcassets */; };
		1BD91B682A836434009E2C75 /* LaunchScreen.storyboard in Resources */ = {isa = PBXBuildFile; fileRef = 1BD91B662A836434009E2C75 /* LaunchScreen.storyboard */; };
/* End PBXBuildFile section */

/* Begin PBXFileReference section */
		1B6B0D882A85D9580074BC39 /* TodoViewController.swift */ = {isa = PBXFileReference; lastKnownFileType = sourcecode.swift; path = TodoViewController.swift; sourceTree = "<group>"; };
		1B6B0D8B2A85D9C90074BC39 /* TodoListViewController.swift */ = {isa = PBXFileReference; lastKnownFileType = sourcecode.swift; path = TodoListViewController.swift; sourceTree = "<group>"; };
		1B6B0D8E2A85DE420074BC39 /* Task.swift */ = {isa = PBXFileReference; lastKnownFileType = sourcecode.swift; path = Task.swift; sourceTree = "<group>"; };
		1B6B0D902A85E3800074BC39 /* TaskList.swift */ = {isa = PBXFileReference; lastKnownFileType = sourcecode.swift; path = TaskList.swift; sourceTree = "<group>"; };
		1B6B0D932A86038F0074BC39 /* TodoListTableViewCell.swift */ = {isa = PBXFileReference; lastKnownFileType = sourcecode.swift; path = TodoListTableViewCell.swift; sourceTree = "<group>"; };
		1BD91B582A836431009E2C75 /* ToDoApp.app */ = {isa = PBXFileReference; explicitFileType = wrapper.application; includeInIndex = 0; path = ToDoApp.app; sourceTree = BUILT_PRODUCTS_DIR; };
		1BD91B5B2A836431009E2C75 /* AppDelegate.swift */ = {isa = PBXFileReference; lastKnownFileType = sourcecode.swift; path = AppDelegate.swift; sourceTree = "<group>"; };
		1BD91B5D2A836431009E2C75 /* SceneDelegate.swift */ = {isa = PBXFileReference; lastKnownFileType = sourcecode.swift; path = SceneDelegate.swift; sourceTree = "<group>"; };
		1BD91B5F2A836431009E2C75 /* ViewController.swift */ = {isa = PBXFileReference; lastKnownFileType = sourcecode.swift; path = ViewController.swift; sourceTree = "<group>"; };
		1BD91B622A836431009E2C75 /* Base */ = {isa = PBXFileReference; lastKnownFileType = file.storyboard; name = Base; path = Base.lproj/Main.storyboard; sourceTree = "<group>"; };
		1BD91B642A836434009E2C75 /* Assets.xcassets */ = {isa = PBXFileReference; lastKnownFileType = folder.assetcatalog; path = Assets.xcassets; sourceTree = "<group>"; };
		1BD91B672A836434009E2C75 /* Base */ = {isa = PBXFileReference; lastKnownFileType = file.storyboard; name = Base; path = Base.lproj/LaunchScreen.storyboard; sourceTree = "<group>"; };
		1BD91B692A836434009E2C75 /* Info.plist */ = {isa = PBXFileReference; lastKnownFileType = text.plist.xml; path = Info.plist; sourceTree = "<group>"; };
/* End PBXFileReference section */

/* Begin PBXFrameworksBuildPhase section */
		1BD91B552A836431009E2C75 /* Frameworks */ = {
			isa = PBXFrameworksBuildPhase;
			buildActionMask = 2147483647;
			files = (
			);
			runOnlyForDeploymentPostprocessing = 0;
		};
/* End PBXFrameworksBuildPhase section */

/* Begin PBXGroup section */
		1B6B0D852A8534EC0074BC39 /* Delegate */ = {
			isa = PBXGroup;
			children = (
				1BD91B5B2A836431009E2C75 /* AppDelegate.swift */,
				1BD91B5D2A836431009E2C75 /* SceneDelegate.swift */,
			);
			path = Delegate;
			sourceTree = "<group>";
		};
		1B6B0D862A8535090074BC39 /* View */ = {
			isa = PBXGroup;
			children = (
				1B6B0D8A2A85D9A70074BC39 /* TodoList */,
				1BD91B5F2A836431009E2C75 /* ViewController.swift */,
			);
			path = View;
			sourceTree = "<group>";
		};
		1B6B0D872A8535360074BC39 /* StoryBoard */ = {
			isa = PBXGroup;
			children = (
				1BD91B612A836431009E2C75 /* Main.storyboard */,
				1BD91B662A836434009E2C75 /* LaunchScreen.storyboard */,
			);
			path = StoryBoard;
			sourceTree = "<group>";
		};
		1B6B0D8A2A85D9A70074BC39 /* TodoList */ = {
			isa = PBXGroup;
			children = (
				1B6B0D922A8603720074BC39 /* Cells */,
				1B6B0D882A85D9580074BC39 /* TodoViewController.swift */,
				1B6B0D8B2A85D9C90074BC39 /* TodoListViewController.swift */,
			);
			path = TodoList;
			sourceTree = "<group>";
		};
		1B6B0D8D2A85DE1A0074BC39 /* models */ = {
			isa = PBXGroup;
			children = (
				1B6B0D8E2A85DE420074BC39 /* Task.swift */,
				1B6B0D902A85E3800074BC39 /* TaskList.swift */,
			);
			path = models;
			sourceTree = "<group>";
		};
		1B6B0D922A8603720074BC39 /* Cells */ = {
			isa = PBXGroup;
			children = (
				1B6B0D932A86038F0074BC39 /* TodoListTableViewCell.swift */,
			);
			path = Cells;
			sourceTree = "<group>";
		};
		1BD91B4F2A836431009E2C75 = {
			isa = PBXGroup;
			children = (
				1BD91B5A2A836431009E2C75 /* ToDoApp */,
				1BD91B592A836431009E2C75 /* Products */,
			);
			sourceTree = "<group>";
		};
		1BD91B592A836431009E2C75 /* Products */ = {
			isa = PBXGroup;
			children = (
				1BD91B582A836431009E2C75 /* ToDoApp.app */,
			);
			name = Products;
			sourceTree = "<group>";
		};
		1BD91B5A2A836431009E2C75 /* ToDoApp */ = {
			isa = PBXGroup;
			children = (
				1B6B0D852A8534EC0074BC39 /* Delegate */,
				1B6B0D862A8535090074BC39 /* View */,
				1B6B0D872A8535360074BC39 /* StoryBoard */,
				1B6B0D8D2A85DE1A0074BC39 /* models */,
				1BD91B642A836434009E2C75 /* Assets.xcassets */,
				1BD91B692A836434009E2C75 /* Info.plist */,
			);
			path = ToDoApp;
			sourceTree = "<group>";
		};
/* End PBXGroup section */

/* Begin PBXNativeTarget section */
		1BD91B572A836431009E2C75 /* ToDoApp */ = {
			isa = PBXNativeTarget;
			buildConfigurationList = 1BD91B6C2A836434009E2C75 /* Build configuration list for PBXNativeTarget "ToDoApp" */;
			buildPhases = (
				1BD91B542A836431009E2C75 /* Sources */,
				1BD91B552A836431009E2C75 /* Frameworks */,
				1BD91B562A836431009E2C75 /* Resources */,
			);
			buildRules = (
			);
			dependencies = (
			);
			name = ToDoApp;
			productName = ToDoApp;
			productReference = 1BD91B582A836431009E2C75 /* ToDoApp.app */;
			productType = "com.apple.product-type.application";
		};
/* End PBXNativeTarget section */

/* Begin PBXProject section */
		1BD91B502A836431009E2C75 /* Project object */ = {
			isa = PBXProject;
			attributes = {
				BuildIndependentTargetsInParallel = 1;
				LastSwiftUpdateCheck = 1500;
				LastUpgradeCheck = 1500;
				TargetAttributes = {
					1BD91B572A836431009E2C75 = {
						CreatedOnToolsVersion = 15.0;
					};
				};
			};
			buildConfigurationList = 1BD91B532A836431009E2C75 /* Build configuration list for PBXProject "ToDoApp" */;
			compatibilityVersion = "Xcode 14.0";
			developmentRegion = en;
			hasScannedForEncodings = 0;
			knownRegions = (
				en,
				Base,
			);
			mainGroup = 1BD91B4F2A836431009E2C75;
			productRefGroup = 1BD91B592A836431009E2C75 /* Products */;
			projectDirPath = "";
			projectRoot = "";
			targets = (
				1BD91B572A836431009E2C75 /* ToDoApp */,
			);
		};
/* End PBXProject section */

/* Begin PBXResourcesBuildPhase section */
		1BD91B562A836431009E2C75 /* Resources */ = {
			isa = PBXResourcesBuildPhase;
			buildActionMask = 2147483647;
			files = (
				1BD91B682A836434009E2C75 /* LaunchScreen.storyboard in Resources */,
				1BD91B652A836434009E2C75 /* Assets.xcassets in Resources */,
				1BD91B632A836431009E2C75 /* Main.storyboard in Resources */,
			);
			runOnlyForDeploymentPostprocessing = 0;
		};
/* End PBXResourcesBuildPhase section */

/* Begin PBXSourcesBuildPhase section */
		1BD91B542A836431009E2C75 /* Sources */ = {
			isa = PBXSourcesBuildPhase;
			buildActionMask = 2147483647;
			files = (
				1B6B0D912A85E3800074BC39 /* TaskList.swift in Sources */,
				1B6B0D892A85D9580074BC39 /* TodoViewController.swift in Sources */,
				1BD91B602A836431009E2C75 /* ViewController.swift in Sources */,
				1B6B0D942A86038F0074BC39 /* TodoListTableViewCell.swift in Sources */,
				1BD91B5C2A836431009E2C75 /* AppDelegate.swift in Sources */,
				1BD91B5E2A836431009E2C75 /* SceneDelegate.swift in Sources */,
				1B6B0D8F2A85DE420074BC39 /* Task.swift in Sources */,
				1B6B0D8C2A85D9C90074BC39 /* TodoListViewController.swift in Sources */,
			);
			runOnlyForDeploymentPostprocessing = 0;
		};
/* End PBXSourcesBuildPhase section */

/* Begin PBXVariantGroup section */
		1BD91B612A836431009E2C75 /* Main.storyboard */ = {
			isa = PBXVariantGroup;
			children = (
				1BD91B622A836431009E2C75 /* Base */,
			);
			name = Main.storyboard;
			sourceTree = "<group>";
		};
		1BD91B662A836434009E2C75 /* LaunchScreen.storyboard */ = {
			isa = PBXVariantGroup;
			children = (
				1BD91B672A836434009E2C75 /* Base */,
			);
			name = LaunchScreen.storyboard;
			sourceTree = "<group>";
		};
/* End PBXVariantGroup section */

/* Begin XCBuildConfiguration section */
		1BD91B6A2A836434009E2C75 /* Debug */ = {
			isa = XCBuildConfiguration;
			buildSettings = {
				ALWAYS_SEARCH_USER_PATHS = NO;
				ASSETCATALOG_COMPILER_GENERATE_SWIFT_ASSET_SYMBOL_EXTENSIONS = YES;
				CLANG_ANALYZER_NONNULL = YES;
				CLANG_ANALYZER_NUMBER_OBJECT_CONVERSION = YES_AGGRESSIVE;
				CLANG_CXX_LANGUAGE_STANDARD = "gnu++20";
				CLANG_ENABLE_MODULES = YES;
				CLANG_ENABLE_OBJC_ARC = YES;
				CLANG_ENABLE_OBJC_WEAK = YES;
				CLANG_WARN_BLOCK_CAPTURE_AUTORELEASING = YES;
				CLANG_WARN_BOOL_CONVERSION = YES;
				CLANG_WARN_COMMA = YES;
				CLANG_WARN_CONSTANT_CONVERSION = YES;
				CLANG_WARN_DEPRECATED_OBJC_IMPLEMENTATIONS = YES;
				CLANG_WARN_DIRECT_OBJC_ISA_USAGE = YES_ERROR;
				CLANG_WARN_DOCUMENTATION_COMMENTS = YES;
				CLANG_WARN_EMPTY_BODY = YES;
				CLANG_WARN_ENUM_CONVERSION = YES;
				CLANG_WARN_INFINITE_RECURSION = YES;
				CLANG_WARN_INT_CONVERSION = YES;
				CLANG_WARN_NON_LITERAL_NULL_CONVERSION = YES;
				CLANG_WARN_OBJC_IMPLICIT_RETAIN_SELF = YES;
				CLANG_WARN_OBJC_LITERAL_CONVERSION = YES;
				CLANG_WARN_OBJC_ROOT_CLASS = YES_ERROR;
				CLANG_WARN_QUOTED_INCLUDE_IN_FRAMEWORK_HEADER = YES;
				CLANG_WARN_RANGE_LOOP_ANALYSIS = YES;
				CLANG_WARN_STRICT_PROTOTYPES = YES;
				CLANG_WARN_SUSPICIOUS_MOVE = YES;
				CLANG_WARN_UNGUARDED_AVAILABILITY = YES_AGGRESSIVE;
				CLANG_WARN_UNREACHABLE_CODE = YES;
				CLANG_WARN__DUPLICATE_METHOD_MATCH = YES;
				COPY_PHASE_STRIP = NO;
				DEBUG_INFORMATION_FORMAT = dwarf;
				ENABLE_STRICT_OBJC_MSGSEND = YES;
				ENABLE_TESTABILITY = YES;
				ENABLE_USER_SCRIPT_SANDBOXING = YES;
				GCC_C_LANGUAGE_STANDARD = gnu17;
				GCC_DYNAMIC_NO_PIC = NO;
				GCC_NO_COMMON_BLOCKS = YES;
				GCC_OPTIMIZATION_LEVEL = 0;
				GCC_PREPROCESSOR_DEFINITIONS = (
					"DEBUG=1",
					"$(inherited)",
				);
				GCC_WARN_64_TO_32_BIT_CONVERSION = YES;
				GCC_WARN_ABOUT_RETURN_TYPE = YES_ERROR;
				GCC_WARN_UNDECLARED_SELECTOR = YES;
				GCC_WARN_UNINITIALIZED_AUTOS = YES_AGGRESSIVE;
				GCC_WARN_UNUSED_FUNCTION = YES;
				GCC_WARN_UNUSED_VARIABLE = YES;
				IPHONEOS_DEPLOYMENT_TARGET = 17.0;
				LOCALIZATION_PREFERS_STRING_CATALOGS = YES;
				MTL_ENABLE_DEBUG_INFO = INCLUDE_SOURCE;
				MTL_FAST_MATH = YES;
				ONLY_ACTIVE_ARCH = YES;
				SDKROOT = iphoneos;
				SWIFT_ACTIVE_COMPILATION_CONDITIONS = "DEBUG $(inherited)";
				SWIFT_OPTIMIZATION_LEVEL = "-Onone";
			};
			name = Debug;
		};
		1BD91B6B2A836434009E2C75 /* Release */ = {
			isa = XCBuildConfiguration;
			buildSettings = {
				ALWAYS_SEARCH_USER_PATHS = NO;
				ASSETCATALOG_COMPILER_GENERATE_SWIFT_ASSET_SYMBOL_EXTENSIONS = YES;
				CLANG_ANALYZER_NONNULL = YES;
				CLANG_ANALYZER_NUMBER_OBJECT_CONVERSION = YES_AGGRESSIVE;
				CLANG_CXX_LANGUAGE_STANDARD = "gnu++20";
				CLANG_ENABLE_MODULES = YES;
				CLANG_ENABLE_OBJC_ARC = YES;
				CLANG_ENABLE_OBJC_WEAK = YES;
				CLANG_WARN_BLOCK_CAPTURE_AUTORELEASING = YES;
				CLANG_WARN_BOOL_CONVERSION = YES;
				CLANG_WARN_COMMA = YES;
				CLANG_WARN_CONSTANT_CONVERSION = YES;
				CLANG_WARN_DEPRECATED_OBJC_IMPLEMENTATIONS = YES;
				CLANG_WARN_DIRECT_OBJC_ISA_USAGE = YES_ERROR;
				CLANG_WARN_DOCUMENTATION_COMMENTS = YES;
				CLANG_WARN_EMPTY_BODY = YES;
				CLANG_WARN_ENUM_CONVERSION = YES;
				CLANG_WARN_INFINITE_RECURSION = YES;
				CLANG_WARN_INT_CONVERSION = YES;
				CLANG_WARN_NON_LITERAL_NULL_CONVERSION = YES;
				CLANG_WARN_OBJC_IMPLICIT_RETAIN_SELF = YES;
				CLANG_WARN_OBJC_LITERAL_CONVERSION = YES;
				CLANG_WARN_OBJC_ROOT_CLASS = YES_ERROR;
				CLANG_WARN_QUOTED_INCLUDE_IN_FRAMEWORK_HEADER = YES;
				CLANG_WARN_RANGE_LOOP_ANALYSIS = YES;
				CLANG_WARN_STRICT_PROTOTYPES = YES;
				CLANG_WARN_SUSPICIOUS_MOVE = YES;
				CLANG_WARN_UNGUARDED_AVAILABILITY = YES_AGGRESSIVE;
				CLANG_WARN_UNREACHABLE_CODE = YES;
				CLANG_WARN__DUPLICATE_METHOD_MATCH = YES;
				COPY_PHASE_STRIP = NO;
				DEBUG_INFORMATION_FORMAT = "dwarf-with-dsym";
				ENABLE_NS_ASSERTIONS = NO;
				ENABLE_STRICT_OBJC_MSGSEND = YES;
				ENABLE_USER_SCRIPT_SANDBOXING = YES;
				GCC_C_LANGUAGE_STANDARD = gnu17;
				GCC_NO_COMMON_BLOCKS = YES;
				GCC_WARN_64_TO_32_BIT_CONVERSION = YES;
				GCC_WARN_ABOUT_RETURN_TYPE = YES_ERROR;
				GCC_WARN_UNDECLARED_SELECTOR = YES;
				GCC_WARN_UNINITIALIZED_AUTOS = YES_AGGRESSIVE;
				GCC_WARN_UNUSED_FUNCTION = YES;
				GCC_WARN_UNUSED_VARIABLE = YES;
				IPHONEOS_DEPLOYMENT_TARGET = 17.0;
				LOCALIZATION_PREFERS_STRING_CATALOGS = YES;
				MTL_ENABLE_DEBUG_INFO = NO;
				MTL_FAST_MATH = YES;
				SDKROOT = iphoneos;
				SWIFT_COMPILATION_MODE = wholemodule;
				VALIDATE_PRODUCT = YES;
			};
			name = Release;
		};
		1BD91B6D2A836434009E2C75 /* Debug */ = {
			isa = XCBuildConfiguration;
			buildSettings = {
				ASSETCATALOG_COMPILER_APPICON_NAME = AppIcon;
				ASSETCATALOG_COMPILER_GLOBAL_ACCENT_COLOR_NAME = AccentColor;
				CODE_SIGN_STYLE = Automatic;
				CURRENT_PROJECT_VERSION = 1;
				GENERATE_INFOPLIST_FILE = YES;
				INFOPLIST_FILE = ToDoApp/Info.plist;
				INFOPLIST_KEY_UIApplicationSupportsIndirectInputEvents = YES;
				INFOPLIST_KEY_UILaunchStoryboardName = LaunchScreen;
				INFOPLIST_KEY_UIMainStoryboardFile = Main;
				INFOPLIST_KEY_UISupportedInterfaceOrientations_iPad = "UIInterfaceOrientationPortrait UIInterfaceOrientationPortraitUpsideDown UIInterfaceOrientationLandscapeLeft UIInterfaceOrientationLandscapeRight";
				INFOPLIST_KEY_UISupportedInterfaceOrientations_iPhone = "UIInterfaceOrientationPortrait UIInterfaceOrientationLandscapeLeft UIInterfaceOrientationLandscapeRight";
				LD_RUNPATH_SEARCH_PATHS = (
					"$(inherited)",
					"@executable_path/Frameworks",
				);
				MARKETING_VERSION = 1.0;
				PRODUCT_BUNDLE_IDENTIFIER = cherin.ToDoApp;
				PRODUCT_NAME = "$(TARGET_NAME)";
				SWIFT_EMIT_LOC_STRINGS = YES;
				SWIFT_VERSION = 5.0;
				TARGETED_DEVICE_FAMILY = "1,2";
			};
			name = Debug;
		};
		1BD91B6E2A836434009E2C75 /* Release */ = {
			isa = XCBuildConfiguration;
			buildSettings = {
				ASSETCATALOG_COMPILER_APPICON_NAME = AppIcon;
				ASSETCATALOG_COMPILER_GLOBAL_ACCENT_COLOR_NAME = AccentColor;
				CODE_SIGN_STYLE = Automatic;
				CURRENT_PROJECT_VERSION = 1;
				GENERATE_INFOPLIST_FILE = YES;
				INFOPLIST_FILE = ToDoApp/Info.plist;
				INFOPLIST_KEY_UIApplicationSupportsIndirectInputEvents = YES;
				INFOPLIST_KEY_UILaunchStoryboardName = LaunchScreen;
				INFOPLIST_KEY_UIMainStoryboardFile = Main;
				INFOPLIST_KEY_UISupportedInterfaceOrientations_iPad = "UIInterfaceOrientationPortrait UIInterfaceOrientationPortraitUpsideDown UIInterfaceOrientationLandscapeLeft UIInterfaceOrientationLandscapeRight";
				INFOPLIST_KEY_UISupportedInterfaceOrientations_iPhone = "UIInterfaceOrientationPortrait UIInterfaceOrientationLandscapeLeft UIInterfaceOrientationLandscapeRight";
				LD_RUNPATH_SEARCH_PATHS = (
					"$(inherited)",
					"@executable_path/Frameworks",
				);
				MARKETING_VERSION = 1.0;
				PRODUCT_BUNDLE_IDENTIFIER = cherin.ToDoApp;
				PRODUCT_NAME = "$(TARGET_NAME)";
				SWIFT_EMIT_LOC_STRINGS = YES;
				SWIFT_VERSION = 5.0;
				TARGETED_DEVICE_FAMILY = "1,2";
			};
			name = Release;
		};
/* End XCBuildConfiguration section */

/* Begin XCConfigurationList section */
		1BD91B532A836431009E2C75 /* Build configuration list for PBXProject "ToDoApp" */ = {
			isa = XCConfigurationList;
			buildConfigurations = (
				1BD91B6A2A836434009E2C75 /* Debug */,
				1BD91B6B2A836434009E2C75 /* Release */,
			);
			defaultConfigurationIsVisible = 0;
			defaultConfigurationName = Release;
		};
		1BD91B6C2A836434009E2C75 /* Build configuration list for PBXNativeTarget "ToDoApp" */ = {
			isa = XCConfigurationList;
			buildConfigurations = (
				1BD91B6D2A836434009E2C75 /* Debug */,
				1BD91B6E2A836434009E2C75 /* Release */,
			);
			defaultConfigurationIsVisible = 0;
			defaultConfigurationName = Release;
		};
/* End XCConfigurationList section */
	};
	rootObject = 1BD91B502A836431009E2C75 /* Project object */;
}
